
Microsoft Visual Studio Solution File, Format Version 12.00
# Visual Studio 15
VisualStudioVersion = 15.0.28307.1231
MinimumVisualStudioVersion = 10.0.40219.1
Project("{FAE04EC0-301F-11D3-BF4B-00C04F79EFBC}") = "TechProject2a", "TechProject2a\TechProject2a.csproj", "{CCE399C8-1623-4B59-AC9E-D14FE294C0D6}"
EndProject
Global
	GlobalSection(SolutionConfigurationPlatforms) = preSolution
		Debug|Any CPU = Debug|Any CPU
		Release|Any CPU = Release|Any CPU
	EndGlobalSection
	GlobalSection(ProjectConfigurationPlatforms) = postSolution
		{CCE399C8-1623-4B59-AC9E-D14FE294C0D6}.Debug|Any CPU.ActiveCfg = Debug|Any CPU
		{CCE399C8-1623-4B59-AC9E-D14FE294C0D6}.Debug|Any CPU.Build.0 = Debug|Any CPU
		{CCE399C8-1623-4B59-AC9E-D14FE294C0D6}.Release|Any CPU.ActiveCfg = Release|Any CPU
		{CCE399C8-1623-4B59-AC9E-D14FE294C0D6}.Release|Any CPU.Build.0 = Release|Any CPU
	EndGlobalSection
	GlobalSection(SolutionProperties) = preSolution
		HideSolutionNode = FALSE
	EndGlobalSection
	GlobalSection(ExtensibilityGlobals) = postSolution
		SolutionGuid = {F29F3497-24B5-4B05-89D0-439B8365828A}
	EndGlobalSection
EndGlobal
